
Microsoft Visual Studio Solution File, Format Version 12.00
# Visual Studio Version 16
VisualStudioVersion = 16.0.31005.135
MinimumVisualStudioVersion = 10.0.40219.1
Project("{FAE04EC0-301F-11D3-BF4B-00C04F79EFBC}") = "OBRVisualizer", "OBRVisualizer.csproj", "{A2213CF9-B1E0-480C-9123-BCD532F1C548}"
EndProject
Global
	GlobalSection(SolutionConfigurationPlatforms) = preSolution
		Debug|x64 = Debug|x64
		Release|x64 = Release|x64
	EndGlobalSection
	GlobalSection(ProjectConfigurationPlatforms) = postSolution
		{A2213CF9-B1E0-480C-9123-BCD532F1C548}.Debug|x64.ActiveCfg = Debug|x64
		{A2213CF9-B1E0-480C-9123-BCD532F1C548}.Debug|x64.Build.0 = Debug|x64
		{A2213CF9-B1E0-480C-9123-BCD532F1C548}.Release|x64.ActiveCfg = Release|x64
		{A2213CF9-B1E0-480C-9123-BCD532F1C548}.Release|x64.Build.0 = Release|x64
	EndGlobalSection
	GlobalSection(SolutionProperties) = preSolution
		HideSolutionNode = FALSE
	EndGlobalSection
	GlobalSection(ExtensibilityGlobals) = postSolution
		SolutionGuid = {73746806-1143-4553-886C-D47B250CF9AE}
	EndGlobalSection
EndGlobal
